
Microsoft Visual Studio Solution File, Format Version 12.00
Project("{FAE04EC0-301F-11D3-BF4B-00C04F79EFBC}") = "ASCII_Art", "ASCII_Art\ASCII_Art.csproj", "{43D4105E-D056-414C-ADE5-9EE50F5369A6}"
EndProject
Global
	GlobalSection(SolutionConfigurationPlatforms) = preSolution
		Debug|Any CPU = Debug|Any CPU
		Release|Any CPU = Release|Any CPU
	EndGlobalSection
	GlobalSection(ProjectConfigurationPlatforms) = postSolution
		{43D4105E-D056-414C-ADE5-9EE50F5369A6}.Debug|Any CPU.ActiveCfg = Debug|Any CPU
		{43D4105E-D056-414C-ADE5-9EE50F5369A6}.Debug|Any CPU.Build.0 = Debug|Any CPU
		{43D4105E-D056-414C-ADE5-9EE50F5369A6}.Release|Any CPU.ActiveCfg = Release|Any CPU
		{43D4105E-D056-414C-ADE5-9EE50F5369A6}.Release|Any CPU.Build.0 = Release|Any CPU
	EndGlobalSection
EndGlobal
